{"hash":"8435b40df665cded2de67f4b755499245835d5c649519982e70ade46bc6a54e4","hash_tree":{"root":{"children":[{"children":[],"hash":"3d8a60a38ace975d7c5d565ed24d686082c631e18dbc63f073058eb4ef70510d","kind":"source","label":"app/priv/docs/reference/glossia-md.md","metadata":{"content_hash":"7d501b05489780664d944ca1aa79e41931121bba1842a47077df4260969564bb"}},{"children":[],"hash":"c9b807a07a2191d113fc181be8f7762e62100a9f4c5011eb74a2c7446a1347d8","kind":"translation_config","label":"generation","metadata":{"custom_prompt_hash":"e3b0c44298fc1c149afbf4c8996fb92427ae41e4649b934ca495991b7852b855","format":"markdown","frontmatter_mode":"translate","language":"es","locale":"es","model":"","preservation_version":5,"preserve":[],"prompt_version":2,"provider":"","retries":2,"segmentation_version":1,"source_language":"en","validation_hash":"064760dc472b525acbc80c5ce08973a94fc7a5b06ba42cfab835324c7c048924"}},{"children":[{"children":[],"hash":"4ab8d51d1a1e225eb1ff457cd408c03891d4c8e7a6f530afdff9ee227c3766f2","kind":"context","label":"project","metadata":{"content_hash":"520dde75af81cb3e008c4d81f3258040ccc66c379791f3d845d1cc4cfbcc989e"}},{"children":[],"hash":"1424b207fea998c4fef898d526dcb29e10da43d23480340193ea637c2fd3d43d","kind":"context","label":"locale","metadata":{"content_hash":"cc29cd8eebf5d547c8f217c0af8fa84e2300279090f0f6312ed2903aedeb1b61"}},{"children":[{"children":[],"hash":"974455d19848932d6dba2d93126cd2d9150f630e9e2c79376c022972484bc0cb","kind":"context","label":"voice","metadata":{"content_hash":"acaeb7aa8dfbbcb560691f2442e02d08e406189a5f570c6886a8f85bc0805604"}},{"children":[],"hash":"3e613a7f609b7b4508f505c32136beea0d87604bd7f34037af4bf45fe1ed9e3c","kind":"context","label":"terminology","metadata":{"content_hash":"9e0ad0569bcaf6e7e0dc4d95dbdbbcd2bd364514b427fb0a6aac3067b7ba0cb9"}}],"hash":"863079cc0e779657098291a5e9aab7bc9c597c932d775effeb98a24d23c47e67","kind":"server_context","label":"organization","metadata":{"compiler_version":3,"selector_version":2}}],"hash":"9372c22b1628f78fe7a539d8d0c17d0b08f83493a76810351e90328f3c7d4ec5","kind":"context_bundle","label":"context","metadata":{}}],"hash":"8435b40df665cded2de67f4b755499245835d5c649519982e70ade46bc6a54e4","kind":"translation_input","label":"app/priv/docs/reference/glossia-md.md","metadata":{}}},"model":"","output_hash":"945833d59beb327cac20ad386bc065a45ca6f45f9ed8406b3812fcaa6c5c72ee","output_path":"app/priv/i18n/es/docs/reference/glossia-md.md","provider":"","server_context":{"compiler_version":3,"selector_version":2,"terminology":{"content_hash":"9e0ad0569bcaf6e7e0dc4d95dbdbbcd2bd364514b427fb0a6aac3067b7ba0cb9","glossary_version":2},"voice":{"content_hash":"acaeb7aa8dfbbcb560691f2442e02d08e406189a5f570c6886a8f85bc0805604","version":2}},"source_path":"app/priv/docs/reference/glossia-md.md","translated_at":"2026-08-11T19:05:47.481587Z"}
