{
  "source_path": "site/src/blog/2026-02-03-why-l10n.md",
  "source_hash": "cf826324affcc131a7ff0c3603c6da2c24f36733863700db3aa66a01a4a0e0b8",
  "outputs": {
    "de": {
      "path": "site/src/i18n/de/blog/2026-02-03-why-l10n.md",
      "hash": "c756241156144d6c4f95a4a1a67de6152f3487bcb2324952717dba28a6e146f0",
      "context_hash": "b415e6b1ae10c7baeaa156b2ac1e921ff2c8d3ea05d0b69828bf4d8df4925577",
      "checked_at": "2026-02-11T19:46:24.164Z"
    },
    "ko": {
      "path": "site/src/i18n/ko/blog/2026-02-03-why-l10n.md",
      "hash": "701bc3ec453b796d349f82e353bc518c3a48b335a5689ec5d2b8fa95cb029fef",
      "context_hash": "b415e6b1ae10c7baeaa156b2ac1e921ff2c8d3ea05d0b69828bf4d8df4925577",
      "checked_at": "2026-02-11T19:47:04.343Z"
    },
    "ja": {
      "path": "site/src/i18n/ja/blog/2026-02-03-why-l10n.md",
      "hash": "9c93f33a891d7a48e51d598ca6014490fd532767996d6e4635d9bb8b06811f7e",
      "context_hash": "b415e6b1ae10c7baeaa156b2ac1e921ff2c8d3ea05d0b69828bf4d8df4925577",
      "checked_at": "2026-02-11T19:47:42.338Z"
    },
    "zh-Hans": {
      "path": "site/src/i18n/zh-Hans/blog/2026-02-03-why-l10n.md",
      "hash": "b79c06669cb054abf5c55d03f6ddd2c780491c1d4bfbb4c0e8d8ad3fb0f47fc7",
      "context_hash": "b415e6b1ae10c7baeaa156b2ac1e921ff2c8d3ea05d0b69828bf4d8df4925577",
      "checked_at": "2026-02-11T19:48:17.489Z"
    },
    "zh-Hant": {
      "path": "site/src/i18n/zh-Hant/blog/2026-02-03-why-l10n.md",
      "hash": "592bede62d175db420c2f6ff51461f714a2d4507e66f0b242b81ebe65411343f",
      "context_hash": "b415e6b1ae10c7baeaa156b2ac1e921ff2c8d3ea05d0b69828bf4d8df4925577",
      "checked_at": "2026-02-11T19:48:54.972Z"
    },
    "es": {
      "path": "site/src/i18n/es/blog/2026-02-03-why-l10n.md",
      "hash": "2b1fe7bd6762761e9f41302f89295eb60495205a872c5e459efb6b7164538b05",
      "context_hash": "b415e6b1ae10c7baeaa156b2ac1e921ff2c8d3ea05d0b69828bf4d8df4925577",
      "checked_at": "2026-02-11T19:45:50.646Z"
    }
  },
  "updated_at": "2026-02-11T19:48:54.972Z"
}
