{
  "source_path": "site/src/_data/home.json",
  "source_hash": "23511aa83454f922ddfd5a1cf2c87435682be6601acf7065ed12f8f3bb241c09",
  "outputs": {
    "zh-Hant": {
      "path": "site/src/_data/i18n/zh-Hant/home.json",
      "hash": "30c1c549acb037473d355680960821810e2f623a0111aafa66a6f90d8c934d83",
      "context_hash": "b415e6b1ae10c7baeaa156b2ac1e921ff2c8d3ea05d0b69828bf4d8df4925577",
      "checked_at": "2026-02-11T17:23:45.017Z"
    },
    "ja": {
      "path": "site/src/_data/i18n/ja/home.json",
      "hash": "747eb3a845391ce549911bf7b677d46f5f243561d552211f67bc262c60b19619",
      "context_hash": "b415e6b1ae10c7baeaa156b2ac1e921ff2c8d3ea05d0b69828bf4d8df4925577",
      "checked_at": "2026-02-11T17:20:03.921Z"
    },
    "zh-Hans": {
      "path": "site/src/_data/i18n/zh-Hans/home.json",
      "hash": "60747e7c3a5fedf4db379febbb263c26e8717c8970774d0cc556ef15c1b1bdca",
      "context_hash": "b415e6b1ae10c7baeaa156b2ac1e921ff2c8d3ea05d0b69828bf4d8df4925577",
      "checked_at": "2026-02-11T17:21:47.285Z"
    },
    "ko": {
      "path": "site/src/_data/i18n/ko/home.json",
      "hash": "726cc14c3ceb02c14770cb4bdbf5105f4f0c16f94af43a7204f343b7c68af463",
      "context_hash": "b415e6b1ae10c7baeaa156b2ac1e921ff2c8d3ea05d0b69828bf4d8df4925577",
      "checked_at": "2026-02-11T17:18:25.203Z"
    },
    "de": {
      "path": "site/src/_data/i18n/de/home.json",
      "hash": "712585e61205de9d0c84eba1f65ffdcafa41fa98eb6c476560ee198923cb6409",
      "context_hash": "b415e6b1ae10c7baeaa156b2ac1e921ff2c8d3ea05d0b69828bf4d8df4925577",
      "checked_at": "2026-02-11T17:16:48.208Z"
    },
    "es": {
      "path": "site/src/_data/i18n/es/home.json",
      "hash": "9bb686259b0b0c234cd1525d751236053a7653c8e428ddc8cc9a8f874dd42071",
      "context_hash": "b415e6b1ae10c7baeaa156b2ac1e921ff2c8d3ea05d0b69828bf4d8df4925577",
      "checked_at": "2026-02-11T17:15:22.133Z"
    }
  },
  "updated_at": "2026-02-11T17:23:45.017Z"
}
