{
  "source_path": "site/src/_data/home.json",
  "source_hash": "23511aa83454f922ddfd5a1cf2c87435682be6601acf7065ed12f8f3bb241c09",
  "outputs": {
    "zh-Hans": {
      "path": "site/src/_data/i18n/zh-Hans/home.json",
      "hash": "6bbf2ee490a7921df780c684a96152010a4b007da23bb333e3ea0e405f577795",
      "context_hash": "b415e6b1ae10c7baeaa156b2ac1e921ff2c8d3ea05d0b69828bf4d8df4925577",
      "checked_at": "2026-02-11T19:42:49.001Z"
    },
    "ko": {
      "path": "site/src/_data/i18n/ko/home.json",
      "hash": "e369b19760f2823e65be709caa99456be7bd905cb0e0f93225694b01079110bd",
      "context_hash": "b415e6b1ae10c7baeaa156b2ac1e921ff2c8d3ea05d0b69828bf4d8df4925577",
      "checked_at": "2026-02-11T19:40:54.476Z"
    },
    "ja": {
      "path": "site/src/_data/i18n/ja/home.json",
      "hash": "641846954f73015355cb8e4f163cdc45c99f3ca1442a0274d48ac1799fec4a7d",
      "context_hash": "b415e6b1ae10c7baeaa156b2ac1e921ff2c8d3ea05d0b69828bf4d8df4925577",
      "checked_at": "2026-02-11T19:42:02.313Z"
    },
    "es": {
      "path": "site/src/_data/i18n/es/home.json",
      "hash": "e441b564efe17d31281bb99bced9e062072a49901316d6db0e3abd079193d9f5",
      "context_hash": "b415e6b1ae10c7baeaa156b2ac1e921ff2c8d3ea05d0b69828bf4d8df4925577",
      "checked_at": "2026-02-11T19:39:14.900Z"
    },
    "zh-Hant": {
      "path": "site/src/_data/i18n/zh-Hant/home.json",
      "hash": "4a783984896cc14b5bba6673c496729df5cf202a32d4ac00568b787e587d9d11",
      "context_hash": "b415e6b1ae10c7baeaa156b2ac1e921ff2c8d3ea05d0b69828bf4d8df4925577",
      "checked_at": "2026-02-11T19:44:32.811Z"
    },
    "de": {
      "path": "site/src/_data/i18n/de/home.json",
      "hash": "02e0558b31e06042ccbc25fe113d4d2987742ebdb5b3e214f90cf41437463cd1",
      "context_hash": "b415e6b1ae10c7baeaa156b2ac1e921ff2c8d3ea05d0b69828bf4d8df4925577",
      "checked_at": "2026-02-11T19:40:13.114Z"
    }
  },
  "updated_at": "2026-02-11T19:44:32.811Z"
}
