{
  "source_path": "site/src/_data/ui.json",
  "source_hash": "c298dde9f8f78b63e0377215ea114c3e1252a025ab15be3293c987a7474aacfe",
  "outputs": {
    "de": {
      "path": "site/src/_data/i18n/de/ui.json",
      "hash": "79486e595f053c58c4c34b40c1d7e86525b6e70721d240e630a885843e6859b0",
      "context_hash": "b415e6b1ae10c7baeaa156b2ac1e921ff2c8d3ea05d0b69828bf4d8df4925577",
      "checked_at": "2026-02-11T17:24:17.533Z"
    },
    "ja": {
      "path": "site/src/_data/i18n/ja/ui.json",
      "hash": "0c6cad1ef36bdfd5ef9b27e2708892883380ddbe17d3866a47c38c21b95c691d",
      "context_hash": "b415e6b1ae10c7baeaa156b2ac1e921ff2c8d3ea05d0b69828bf4d8df4925577",
      "checked_at": "2026-02-11T17:24:52.398Z"
    },
    "es": {
      "path": "site/src/_data/i18n/es/ui.json",
      "hash": "1ca2c081b3a54d1726f4a55e490e9b606704b8646dd0f3b218a3c8f02b35a68d",
      "context_hash": "b415e6b1ae10c7baeaa156b2ac1e921ff2c8d3ea05d0b69828bf4d8df4925577",
      "checked_at": "2026-02-11T17:24:01.784Z"
    },
    "zh-Hant": {
      "path": "site/src/_data/i18n/zh-Hant/ui.json",
      "hash": "d7e03129ac8cfb31d186ae2b0423f0cd66c9e0eb533b817006b7fa609dbb9d11",
      "context_hash": "b415e6b1ae10c7baeaa156b2ac1e921ff2c8d3ea05d0b69828bf4d8df4925577",
      "checked_at": "2026-02-11T17:25:24.484Z"
    },
    "ko": {
      "path": "site/src/_data/i18n/ko/ui.json",
      "hash": "529bace8895e0a19ea4a2fbd259ea9a204fd4632cac5d98e0de5a5cfcd718397",
      "context_hash": "b415e6b1ae10c7baeaa156b2ac1e921ff2c8d3ea05d0b69828bf4d8df4925577",
      "checked_at": "2026-02-11T17:24:34.691Z"
    },
    "zh-Hans": {
      "path": "site/src/_data/i18n/zh-Hans/ui.json",
      "hash": "f2bda2b3f6a089a0f411c24e592adfb7cbe9e8e7a05e087c7d477a3110aad32a",
      "context_hash": "b415e6b1ae10c7baeaa156b2ac1e921ff2c8d3ea05d0b69828bf4d8df4925577",
      "checked_at": "2026-02-11T17:25:09.312Z"
    }
  },
  "updated_at": "2026-02-11T17:25:24.484Z"
}
