{"hash":"6057d2b84ff3e58c1129d2c0741025b84ba2fe71e5796fcc29d8af48042b3042","hash_tree":{"root":{"children":[{"children":[],"hash":"835b1fd64ed5fdf34ed2ecb1b7c9bf0ab8ff4862ae6176b791ef2474e197d62c","kind":"source","label":"app/priv/features/content-revisioning.md","metadata":{"content_hash":"d769559522c90aeaf86626051fa5927336255b48815b1d2ec37f002754cb97b3"}},{"children":[],"hash":"c9b807a07a2191d113fc181be8f7762e62100a9f4c5011eb74a2c7446a1347d8","kind":"translation_config","label":"generation","metadata":{"custom_prompt_hash":"e3b0c44298fc1c149afbf4c8996fb92427ae41e4649b934ca495991b7852b855","format":"markdown","frontmatter_mode":"translate","language":"es","locale":"es","model":"","preservation_version":5,"preserve":[],"prompt_version":2,"provider":"","retries":2,"segmentation_version":1,"source_language":"en","validation_hash":"064760dc472b525acbc80c5ce08973a94fc7a5b06ba42cfab835324c7c048924"}},{"children":[{"children":[],"hash":"4ab8d51d1a1e225eb1ff457cd408c03891d4c8e7a6f530afdff9ee227c3766f2","kind":"context","label":"project","metadata":{"content_hash":"520dde75af81cb3e008c4d81f3258040ccc66c379791f3d845d1cc4cfbcc989e"}},{"children":[],"hash":"1424b207fea998c4fef898d526dcb29e10da43d23480340193ea637c2fd3d43d","kind":"context","label":"locale","metadata":{"content_hash":"cc29cd8eebf5d547c8f217c0af8fa84e2300279090f0f6312ed2903aedeb1b61"}},{"children":[{"children":[],"hash":"974455d19848932d6dba2d93126cd2d9150f630e9e2c79376c022972484bc0cb","kind":"context","label":"voice","metadata":{"content_hash":"acaeb7aa8dfbbcb560691f2442e02d08e406189a5f570c6886a8f85bc0805604"}},{"children":[],"hash":"743a68281f84582e883cd32b50b30921bb6faaf465b32e76d1bf2849b8893917","kind":"context","label":"terminology","metadata":{"content_hash":"8150b173d579c1b8e8658cd21732a68dfc784daa6679094c5c2e22fbc55a0f17"}}],"hash":"2a8ad6dc51149dd28d7c4aca22df81723faab92ca0e3fc9610c967b76a764249","kind":"server_context","label":"organization","metadata":{"compiler_version":3,"selector_version":2}}],"hash":"6145fb2a511a6595ce045bc77ee6b135d0542bd2ce2a1f2b63cf9d9bb6fb92dc","kind":"context_bundle","label":"context","metadata":{}}],"hash":"6057d2b84ff3e58c1129d2c0741025b84ba2fe71e5796fcc29d8af48042b3042","kind":"translation_input","label":"app/priv/features/content-revisioning.md","metadata":{}}},"model":"","output_hash":"1335592321cb4f9b99660022c578b8ae650a5ff505bf2222daa408c99e54909f","output_path":"app/priv/i18n/es/features/content-revisioning.md","provider":"","server_context":{"compiler_version":3,"selector_version":2,"terminology":{"content_hash":"8150b173d579c1b8e8658cd21732a68dfc784daa6679094c5c2e22fbc55a0f17","glossary_version":2},"voice":{"content_hash":"acaeb7aa8dfbbcb560691f2442e02d08e406189a5f570c6886a8f85bc0805604","version":2}},"source_path":"app/priv/features/content-revisioning.md","translated_at":"2026-08-11T19:08:46.135239Z"}
