{"hash":"f4f830259f611b2f9fc308aa510fb94b2dd006c04476c776a2a4c86642edc75d","hash_tree":{"root":{"children":[{"children":[],"hash":"40bc8d7ce2d7b472cec60bb1ca3d3ee9b391ec1104060f252f885ed24116cec9","kind":"source","label":"app/priv/docs/how-to/login-with-glossia.md","metadata":{"content_hash":"f22e64de886ece498839ae173eebfa5480c5a54e9bb04ff797afda28e54e3f52"}},{"children":[],"hash":"c9b807a07a2191d113fc181be8f7762e62100a9f4c5011eb74a2c7446a1347d8","kind":"translation_config","label":"generation","metadata":{"custom_prompt_hash":"e3b0c44298fc1c149afbf4c8996fb92427ae41e4649b934ca495991b7852b855","format":"markdown","frontmatter_mode":"translate","language":"es","locale":"es","model":"","preservation_version":5,"preserve":[],"prompt_version":2,"provider":"","retries":2,"segmentation_version":1,"source_language":"en","validation_hash":"064760dc472b525acbc80c5ce08973a94fc7a5b06ba42cfab835324c7c048924"}},{"children":[{"children":[],"hash":"4ab8d51d1a1e225eb1ff457cd408c03891d4c8e7a6f530afdff9ee227c3766f2","kind":"context","label":"project","metadata":{"content_hash":"520dde75af81cb3e008c4d81f3258040ccc66c379791f3d845d1cc4cfbcc989e"}},{"children":[],"hash":"1424b207fea998c4fef898d526dcb29e10da43d23480340193ea637c2fd3d43d","kind":"context","label":"locale","metadata":{"content_hash":"cc29cd8eebf5d547c8f217c0af8fa84e2300279090f0f6312ed2903aedeb1b61"}},{"children":[{"children":[],"hash":"974455d19848932d6dba2d93126cd2d9150f630e9e2c79376c022972484bc0cb","kind":"context","label":"voice","metadata":{"content_hash":"acaeb7aa8dfbbcb560691f2442e02d08e406189a5f570c6886a8f85bc0805604"}},{"children":[],"hash":"e68433ccc5f2084d4d1a507bc1565f55df191648c44eb2fd4efb2fab68291341","kind":"context","label":"terminology","metadata":{"content_hash":"9759feb0229224f527a45fb08623a82b5adc87c2ced0e6632c027177437dd55c"}}],"hash":"cf6af820186fd15238842336f1fd037bd2b072e9ef49f3aefd873361dec97b1d","kind":"server_context","label":"organization","metadata":{"compiler_version":3,"selector_version":2}}],"hash":"d819672bfc3ca3144f15f61165f99130c486844c6f56dbcfb3073c930bc78445","kind":"context_bundle","label":"context","metadata":{}}],"hash":"f4f830259f611b2f9fc308aa510fb94b2dd006c04476c776a2a4c86642edc75d","kind":"translation_input","label":"app/priv/docs/how-to/login-with-glossia.md","metadata":{}}},"model":"","output_hash":"63952368a8b466f9d0483be964f5e6d4ae451479eb93885a2726d2d13b6394af","output_path":"app/priv/i18n/es/docs/how-to/login-with-glossia.md","provider":"","server_context":{"compiler_version":3,"selector_version":2,"terminology":{"content_hash":"9759feb0229224f527a45fb08623a82b5adc87c2ced0e6632c027177437dd55c","glossary_version":2},"voice":{"content_hash":"acaeb7aa8dfbbcb560691f2442e02d08e406189a5f570c6886a8f85bc0805604","version":2}},"source_path":"app/priv/docs/how-to/login-with-glossia.md","translated_at":"2026-08-11T19:01:38.512155Z"}
