{
  "version": "2",
  "remote": {
    "https://cdn.skypack.dev/-/markdown-to-txt@v2.0.1-19ZJoncXHDFpn5lTs7Vh/dist=es2019,mode=imports/optimized/markdown-to-txt.js": "f9fd792bb170343fef40500a06d98eeb1ec1ce3100e861b2f744360bdbf9ae3a",
    "https://cdn.skypack.dev/-/marked@v4.0.17-ZxvYABZPFB67jGeTKwwX/dist=es2019,mode=imports/optimized/marked.js": "0107276746114e937b99779bfa473abdd9df828fc53be6bb7dc7752801578765",
    "https://cdn.skypack.dev/markdown-to-txt": "927b07ddd8a405fb3def9c52d8f338a0df7eaa90f1296e0f00e8309903ebc884",
    "https://deno.land/x/appsignal@v1.0.1/mod.ts": "361e66bffc6df8622c151040edbf2d24a8c60ef7a538c5118c132addcad898d2",
    "https://deno.land/x/ascii_table@v0.1.0/mod.ts": "bd99729ffefd9e0792787b7aafd06c5257039b31ffe3b987fe5257d3fa0c39b5"
  }
}
