{"hash":"8d9c454640b46fc0abcd9556cc0702de046dfacd087d9df5c8d5e42a22a253a5","hash_tree":{"root":{"children":[{"children":[],"hash":"b5e298910de72c2565e12adad0b10e02b0c811e288324528d1debe44d7c658a8","kind":"source","label":"app/priv/docs/reference/mcp/overview.md","metadata":{"content_hash":"4f01b080f79389333f9870aac2e2ac71f26ad2f8aacf946bddb67767d2d25b86"}},{"children":[],"hash":"c9b807a07a2191d113fc181be8f7762e62100a9f4c5011eb74a2c7446a1347d8","kind":"translation_config","label":"generation","metadata":{"custom_prompt_hash":"e3b0c44298fc1c149afbf4c8996fb92427ae41e4649b934ca495991b7852b855","format":"markdown","frontmatter_mode":"translate","language":"es","locale":"es","model":"","preservation_version":5,"preserve":[],"prompt_version":2,"provider":"","retries":2,"segmentation_version":1,"source_language":"en","validation_hash":"064760dc472b525acbc80c5ce08973a94fc7a5b06ba42cfab835324c7c048924"}},{"children":[{"children":[],"hash":"4ab8d51d1a1e225eb1ff457cd408c03891d4c8e7a6f530afdff9ee227c3766f2","kind":"context","label":"project","metadata":{"content_hash":"520dde75af81cb3e008c4d81f3258040ccc66c379791f3d845d1cc4cfbcc989e"}},{"children":[],"hash":"1424b207fea998c4fef898d526dcb29e10da43d23480340193ea637c2fd3d43d","kind":"context","label":"locale","metadata":{"content_hash":"cc29cd8eebf5d547c8f217c0af8fa84e2300279090f0f6312ed2903aedeb1b61"}},{"children":[{"children":[],"hash":"974455d19848932d6dba2d93126cd2d9150f630e9e2c79376c022972484bc0cb","kind":"context","label":"voice","metadata":{"content_hash":"acaeb7aa8dfbbcb560691f2442e02d08e406189a5f570c6886a8f85bc0805604"}},{"children":[],"hash":"c253f326f7a7c563f94b6865303fa0fc87e6aa9e1a4a94d23016faf681e1a2d6","kind":"context","label":"terminology","metadata":{"content_hash":"0342181e368e81f49bb742f24d60a24eb69b3cd81de39c1860e9909c40ea9dac"}}],"hash":"7b438337d7717d1366c9157094fee522bc76803d87d8e0c63932996dceca5c63","kind":"server_context","label":"organization","metadata":{"compiler_version":3,"selector_version":2}}],"hash":"81925dd3690bcd925fc3dfd1c4671a2dca6165054a987d1e8ef84d34d35722cf","kind":"context_bundle","label":"context","metadata":{}}],"hash":"8d9c454640b46fc0abcd9556cc0702de046dfacd087d9df5c8d5e42a22a253a5","kind":"translation_input","label":"app/priv/docs/reference/mcp/overview.md","metadata":{}}},"model":"","output_hash":"16a223d03c1c9be7c858a4167ede72780dd8564a8dc763db12c4fd2d85189051","output_path":"app/priv/i18n/es/docs/reference/mcp/overview.md","provider":"","server_context":{"compiler_version":3,"selector_version":2,"terminology":{"content_hash":"0342181e368e81f49bb742f24d60a24eb69b3cd81de39c1860e9909c40ea9dac","glossary_version":2},"voice":{"content_hash":"acaeb7aa8dfbbcb560691f2442e02d08e406189a5f570c6886a8f85bc0805604","version":2}},"source_path":"app/priv/docs/reference/mcp/overview.md","translated_at":"2026-08-11T19:06:36.104223Z"}
