{"hash":"e1dca15216beff5fcb40ff8fca6d08fbb5ad8e0e4b20d2854e6cef785bda90bc","hash_tree":{"root":{"children":[{"children":[],"hash":"4620f7fc92753120212792e8781181c1144fce41ca2b93a1d67c4748e8bf4cee","kind":"source","label":"app/priv/blog/2026-02-16-the-missing-os-for-language.md","metadata":{"content_hash":"103fe656d9d3bfa7095b7880937531c70cd4f814bfc1d8ee90aeeb93f95e3e1f"}},{"children":[],"hash":"fe669a5f54b8f0dd2b05cbd7891a94b34f30574f1724cb05ff72dd5b179fe6d3","kind":"translation_config","label":"generation","metadata":{"custom_prompt_hash":"e3b0c44298fc1c149afbf4c8996fb92427ae41e4649b934ca495991b7852b855","format":"markdown","frontmatter_mode":"translate","language":"de","locale":"de","model":"","preservation_version":5,"preserve":[],"prompt_version":2,"provider":"","retries":2,"segmentation_version":1,"source_language":"en","validation_hash":"064760dc472b525acbc80c5ce08973a94fc7a5b06ba42cfab835324c7c048924"}},{"children":[{"children":[],"hash":"4ab8d51d1a1e225eb1ff457cd408c03891d4c8e7a6f530afdff9ee227c3766f2","kind":"context","label":"project","metadata":{"content_hash":"520dde75af81cb3e008c4d81f3258040ccc66c379791f3d845d1cc4cfbcc989e"}},{"children":[],"hash":"a92a1d3a18c1e1be86e613b194613064b411b73893253185405d19abfb685e7d","kind":"context","label":"locale","metadata":{"content_hash":"e3b0c44298fc1c149afbf4c8996fb92427ae41e4649b934ca495991b7852b855"}},{"children":[{"children":[],"hash":"974455d19848932d6dba2d93126cd2d9150f630e9e2c79376c022972484bc0cb","kind":"context","label":"voice","metadata":{"content_hash":"acaeb7aa8dfbbcb560691f2442e02d08e406189a5f570c6886a8f85bc0805604"}},{"children":[],"hash":"a2494989b89c0e36e7ae9de332cf5b53c94639daa4fa6d718a69211c7d42d41b","kind":"context","label":"terminology","metadata":{"content_hash":"a6e976a4e53906ff266e70dba450a6de0baf25d4c6df0812aafa11d3faed9ebc"}}],"hash":"a8c9151fccae0394935310f841324570a007b9b746c5edd8123ee91b9287ef1f","kind":"server_context","label":"organization","metadata":{"compiler_version":3,"selector_version":2}}],"hash":"b46380ad1aa82b18536da427cb1f16739840430b18c36ca1f3889a2d81e18df6","kind":"context_bundle","label":"context","metadata":{}}],"hash":"e1dca15216beff5fcb40ff8fca6d08fbb5ad8e0e4b20d2854e6cef785bda90bc","kind":"translation_input","label":"app/priv/blog/2026-02-16-the-missing-os-for-language.md","metadata":{}}},"model":"","output_hash":"51b41867f8946e1d7dd48b87c30c9b2bc660813596d8e62188ec2706e509c06d","output_path":"app/priv/i18n/de/blog/2026-02-16-the-missing-os-for-language.md","provider":"","server_context":{"compiler_version":3,"selector_version":2,"terminology":{"content_hash":"a6e976a4e53906ff266e70dba450a6de0baf25d4c6df0812aafa11d3faed9ebc","glossary_version":2},"voice":{"content_hash":"acaeb7aa8dfbbcb560691f2442e02d08e406189a5f570c6886a8f85bc0805604","version":2}},"source_path":"app/priv/blog/2026-02-16-the-missing-os-for-language.md","translated_at":"2026-08-11T21:30:55.382692Z"}
