{"hash":"14624f1caf1458033776dcf5db9428c9884d36ba88a36cc94686000b1d9cc858","hash_tree":{"root":{"children":[{"children":[],"hash":"4620f7fc92753120212792e8781181c1144fce41ca2b93a1d67c4748e8bf4cee","kind":"source","label":"app/priv/blog/2026-02-16-the-missing-os-for-language.md","metadata":{"content_hash":"103fe656d9d3bfa7095b7880937531c70cd4f814bfc1d8ee90aeeb93f95e3e1f"}},{"children":[],"hash":"c9b807a07a2191d113fc181be8f7762e62100a9f4c5011eb74a2c7446a1347d8","kind":"translation_config","label":"generation","metadata":{"custom_prompt_hash":"e3b0c44298fc1c149afbf4c8996fb92427ae41e4649b934ca495991b7852b855","format":"markdown","frontmatter_mode":"translate","language":"es","locale":"es","model":"","preservation_version":5,"preserve":[],"prompt_version":2,"provider":"","retries":2,"segmentation_version":1,"source_language":"en","validation_hash":"064760dc472b525acbc80c5ce08973a94fc7a5b06ba42cfab835324c7c048924"}},{"children":[{"children":[],"hash":"4ab8d51d1a1e225eb1ff457cd408c03891d4c8e7a6f530afdff9ee227c3766f2","kind":"context","label":"project","metadata":{"content_hash":"520dde75af81cb3e008c4d81f3258040ccc66c379791f3d845d1cc4cfbcc989e"}},{"children":[],"hash":"1424b207fea998c4fef898d526dcb29e10da43d23480340193ea637c2fd3d43d","kind":"context","label":"locale","metadata":{"content_hash":"cc29cd8eebf5d547c8f217c0af8fa84e2300279090f0f6312ed2903aedeb1b61"}},{"children":[{"children":[],"hash":"974455d19848932d6dba2d93126cd2d9150f630e9e2c79376c022972484bc0cb","kind":"context","label":"voice","metadata":{"content_hash":"acaeb7aa8dfbbcb560691f2442e02d08e406189a5f570c6886a8f85bc0805604"}},{"children":[],"hash":"1366e8ffe490ab33ae1fe94f365f7f6fbd23af18eb6a6fad4799dfa85b880e16","kind":"context","label":"terminology","metadata":{"content_hash":"042165425085d95ee2e6473d95fb26b67760c627704d1638497127b7b248f587"}}],"hash":"7c735edcfb2521c9ad80ccf701e8caa11d8b4d410743db7d6b4a42533bbb3502","kind":"server_context","label":"organization","metadata":{"compiler_version":3,"selector_version":2}}],"hash":"cfe6a3afd62ee6e0da9ce1f6fbd21af338643e04e54bc148dcd3f4f93aa7adfd","kind":"context_bundle","label":"context","metadata":{}}],"hash":"14624f1caf1458033776dcf5db9428c9884d36ba88a36cc94686000b1d9cc858","kind":"translation_input","label":"app/priv/blog/2026-02-16-the-missing-os-for-language.md","metadata":{}}},"model":"","output_hash":"deb5999ec822df7bbe30d9c67c39bffe95bd03f384c174d9648ee27117f1307b","output_path":"app/priv/i18n/es/blog/2026-02-16-the-missing-os-for-language.md","provider":"","server_context":{"compiler_version":3,"selector_version":2,"terminology":{"content_hash":"042165425085d95ee2e6473d95fb26b67760c627704d1638497127b7b248f587","glossary_version":2},"voice":{"content_hash":"acaeb7aa8dfbbcb560691f2442e02d08e406189a5f570c6886a8f85bc0805604","version":2}},"source_path":"app/priv/blog/2026-02-16-the-missing-os-for-language.md","translated_at":"2026-08-11T18:58:12.041539Z"}
