{"hash":"6f5b72977fb0f7150a1224b36d983e14b63126c16d7e5eda70c278a249caa766","hash_tree":{"root":{"children":[{"children":[],"hash":"4577d4b525ffb3b26b22c5a7f3b4eef1b40140495ca382595a1130777670991a","kind":"source","label":"app/priv/docs/reference/project-setup.md","metadata":{"content_hash":"7aca32358431d10d917aee15dd7de4934879aab2863230383eb560d50097d59b"}},{"children":[],"hash":"c9b807a07a2191d113fc181be8f7762e62100a9f4c5011eb74a2c7446a1347d8","kind":"translation_config","label":"generation","metadata":{"custom_prompt_hash":"e3b0c44298fc1c149afbf4c8996fb92427ae41e4649b934ca495991b7852b855","format":"markdown","frontmatter_mode":"translate","language":"es","locale":"es","model":"","preservation_version":5,"preserve":[],"prompt_version":2,"provider":"","retries":2,"segmentation_version":1,"source_language":"en","validation_hash":"064760dc472b525acbc80c5ce08973a94fc7a5b06ba42cfab835324c7c048924"}},{"children":[{"children":[],"hash":"4ab8d51d1a1e225eb1ff457cd408c03891d4c8e7a6f530afdff9ee227c3766f2","kind":"context","label":"project","metadata":{"content_hash":"520dde75af81cb3e008c4d81f3258040ccc66c379791f3d845d1cc4cfbcc989e"}},{"children":[],"hash":"1424b207fea998c4fef898d526dcb29e10da43d23480340193ea637c2fd3d43d","kind":"context","label":"locale","metadata":{"content_hash":"cc29cd8eebf5d547c8f217c0af8fa84e2300279090f0f6312ed2903aedeb1b61"}},{"children":[{"children":[],"hash":"974455d19848932d6dba2d93126cd2d9150f630e9e2c79376c022972484bc0cb","kind":"context","label":"voice","metadata":{"content_hash":"acaeb7aa8dfbbcb560691f2442e02d08e406189a5f570c6886a8f85bc0805604"}},{"children":[],"hash":"4b0a01447ba48dca36bca3345cf36d6ab244396409eac42d4f046d371fbd5f70","kind":"context","label":"terminology","metadata":{"content_hash":"40da610471b030ba38d779bc57c8eb0cdf93ac29a430cdb5560b36451c1093f6"}}],"hash":"541147bd785ca4a6d3de283859975fc7503fa623b86488e72d9c71765fd2cd15","kind":"server_context","label":"organization","metadata":{"compiler_version":3,"selector_version":2}}],"hash":"3f4cb9df2ca7f8cf1bbbc343ae578e580f40c0ecd2fb5e6f70a021cbefd378db","kind":"context_bundle","label":"context","metadata":{}}],"hash":"6f5b72977fb0f7150a1224b36d983e14b63126c16d7e5eda70c278a249caa766","kind":"translation_input","label":"app/priv/docs/reference/project-setup.md","metadata":{}}},"model":"","output_hash":"598d9f29eca3c18a006aa575de10a76f7c95e24c4cd070112c100ab1302ac135","output_path":"app/priv/i18n/es/docs/reference/project-setup.md","provider":"","server_context":{"compiler_version":3,"selector_version":2,"terminology":{"content_hash":"40da610471b030ba38d779bc57c8eb0cdf93ac29a430cdb5560b36451c1093f6","glossary_version":2},"voice":{"content_hash":"acaeb7aa8dfbbcb560691f2442e02d08e406189a5f570c6886a8f85bc0805604","version":2}},"source_path":"app/priv/docs/reference/project-setup.md","translated_at":"2026-08-11T19:07:02.694819Z"}
