{
  "hash": "c74c9d5a8bea872217c74f5156641cc55cf16c220899012be6c99a223701de64",
  "hash_tree": {
    "root": {
      "children": [
        {
          "children": [],
          "hash": "bdf276e4ab5502efaa7c6335573d7e93bccdcb9ec4e6cdbf64c758a7bc00306f",
          "kind": "source",
          "label": "app/priv/features/mcp-server.md",
          "metadata": {
            "content_hash": "63e2e78de145a423362984b46324a0a1cc7eb2adcd1692174a2b0b4ad675e1b6"
          }
        },
        {
          "children": [],
          "hash": "d19a584cdd5e20c9240c031c6a5510439a120fb4f32bb7fec62b18f42fb11538",
          "kind": "translation_config",
          "label": "generation",
          "metadata": {
            "custom_prompt_hash": "e3b0c44298fc1c149afbf4c8996fb92427ae41e4649b934ca495991b7852b855",
            "format": "markdown",
            "frontmatter_mode": "translate",
            "language": "de",
            "locale": "de",
            "model": "",
            "preserve": [],
            "prompt_version": 8,
            "provider": "",
            "retries": 3,
            "segmentation_version": 1,
            "source_language": "en",
            "validation_hash": "064760dc472b525acbc80c5ce08973a94fc7a5b06ba42cfab835324c7c048924"
          }
        },
        {
          "children": [
            {
              "children": [],
              "hash": "5e584d392a51ea04924e62e93c53a3610184048673a2f9d4f11ef89486aee5a1",
              "kind": "context",
              "label": "project",
              "metadata": {
                "content_hash": "f8e3c3cd03819b2ea9c7cd61c771a54a7c869158ab618e3ac6c195542e04491f"
              }
            },
            {
              "children": [],
              "hash": "a92a1d3a18c1e1be86e613b194613064b411b73893253185405d19abfb685e7d",
              "kind": "context",
              "label": "locale",
              "metadata": {
                "content_hash": "e3b0c44298fc1c149afbf4c8996fb92427ae41e4649b934ca495991b7852b855"
              }
            },
            {
              "children": [
                {
                  "children": [],
                  "hash": "1ce1060bb675f8cc75ef107e56162abcff4ca3e6f9f3adcd41022326a1dff73e",
                  "kind": "context",
                  "label": "voice",
                  "metadata": {
                    "content_hash": "12ae32cb1ec02d01eda3581b127c1fee3b0dc53572ed6baf239721a03d82e126"
                  }
                },
                {
                  "children": [],
                  "hash": "70a46d36422990ac658b3e9615b5a3ec8c9ab24e53c20ac6e06aaafb9ac57183",
                  "kind": "context",
                  "label": "terminology",
                  "metadata": {
                    "content_hash": "4f53cda18c2baa0c0354bb5f9a3ecbe5ed12ab4d8e11ba873c2f11161202b945"
                  }
                }
              ],
              "hash": "dcebe04e5b7d13287ceb7e484de7b00a697c7ae291f406ec32563e84ccfe7c11",
              "kind": "server_context",
              "label": "organization",
              "metadata": {
                "compiler_version": 3,
                "selector_version": 2
              }
            }
          ],
          "hash": "a3e700043e63e82f15bd59d19e17464f6de184edcd1c687fe67944e7b03e3d45",
          "kind": "context_bundle",
          "label": "context",
          "metadata": {}
        }
      ],
      "hash": "c74c9d5a8bea872217c74f5156641cc55cf16c220899012be6c99a223701de64",
      "kind": "translation_input",
      "label": "app/priv/features/mcp-server.md",
      "metadata": {}
    }
  },
  "model": "",
  "output_hash": "0a23a5d91adf9c702bb4f36cdaafd8da3aecb52879afa6c789f09dec7b047cc9",
  "output_path": "app/priv/i18n/de/features/mcp-server.md",
  "provider": "",
  "server_context": {
    "compiler_version": 3,
    "selector_version": 2,
    "terminology": {
      "content_hash": "4f53cda18c2baa0c0354bb5f9a3ecbe5ed12ab4d8e11ba873c2f11161202b945",
      "glossary_version": null
    },
    "voice": {
      "content_hash": "12ae32cb1ec02d01eda3581b127c1fee3b0dc53572ed6baf239721a03d82e126",
      "version": null
    }
  },
  "source_path": "app/priv/features/mcp-server.md",
  "translated_at": "2026-09-11T17:11:35.505420Z"
}
