{"hash":"b28f9af5e654dc7dc4b73873221a3f81b9251bf98fe27dfb607da3a2efde77f4","hash_tree":{"root":{"children":[{"children":[],"hash":"bdf276e4ab5502efaa7c6335573d7e93bccdcb9ec4e6cdbf64c758a7bc00306f","kind":"source","label":"app/priv/features/mcp-server.md","metadata":{"content_hash":"63e2e78de145a423362984b46324a0a1cc7eb2adcd1692174a2b0b4ad675e1b6"}},{"children":[],"hash":"c9b807a07a2191d113fc181be8f7762e62100a9f4c5011eb74a2c7446a1347d8","kind":"translation_config","label":"generation","metadata":{"custom_prompt_hash":"e3b0c44298fc1c149afbf4c8996fb92427ae41e4649b934ca495991b7852b855","format":"markdown","frontmatter_mode":"translate","language":"es","locale":"es","model":"","preservation_version":5,"preserve":[],"prompt_version":2,"provider":"","retries":2,"segmentation_version":1,"source_language":"en","validation_hash":"064760dc472b525acbc80c5ce08973a94fc7a5b06ba42cfab835324c7c048924"}},{"children":[{"children":[],"hash":"4ab8d51d1a1e225eb1ff457cd408c03891d4c8e7a6f530afdff9ee227c3766f2","kind":"context","label":"project","metadata":{"content_hash":"520dde75af81cb3e008c4d81f3258040ccc66c379791f3d845d1cc4cfbcc989e"}},{"children":[],"hash":"1424b207fea998c4fef898d526dcb29e10da43d23480340193ea637c2fd3d43d","kind":"context","label":"locale","metadata":{"content_hash":"cc29cd8eebf5d547c8f217c0af8fa84e2300279090f0f6312ed2903aedeb1b61"}},{"children":[{"children":[],"hash":"974455d19848932d6dba2d93126cd2d9150f630e9e2c79376c022972484bc0cb","kind":"context","label":"voice","metadata":{"content_hash":"acaeb7aa8dfbbcb560691f2442e02d08e406189a5f570c6886a8f85bc0805604"}},{"children":[],"hash":"509a29f826dc4c52ffd18fa5f0fb29d7cc7c53f974ef83151c1897bce7e945cd","kind":"context","label":"terminology","metadata":{"content_hash":"3a29e30694c49da7e5caea0a5bcfa57bfb0091fa0e3f51caea63ee3f18cf5750"}}],"hash":"2573cf8754e2b4ba88baa47aec0555860e5c16cf6785a4118a248b3533f0252c","kind":"server_context","label":"organization","metadata":{"compiler_version":3,"selector_version":2}}],"hash":"f56910d7eb2ee2279cbe08a6c6d9e8b111302c61bcc56bcea64e75592806eefb","kind":"context_bundle","label":"context","metadata":{}}],"hash":"b28f9af5e654dc7dc4b73873221a3f81b9251bf98fe27dfb607da3a2efde77f4","kind":"translation_input","label":"app/priv/features/mcp-server.md","metadata":{}}},"model":"","output_hash":"1793d6afb9e5ccf530a475f151ded53d8d1bba60c58d579cc3b0fc075c3c0f51","output_path":"app/priv/i18n/es/features/mcp-server.md","provider":"","server_context":{"compiler_version":3,"selector_version":2,"terminology":{"content_hash":"3a29e30694c49da7e5caea0a5bcfa57bfb0091fa0e3f51caea63ee3f18cf5750","glossary_version":2},"voice":{"content_hash":"acaeb7aa8dfbbcb560691f2442e02d08e406189a5f570c6886a8f85bc0805604","version":2}},"source_path":"app/priv/features/mcp-server.md","translated_at":"2026-08-11T19:11:10.306549Z"}
