{"hash":"bcc1b8b9bd0f9e9eedef14ec8ec96c774553c4706c85767850a29e924a6b6c9b","hash_tree":{"root":{"children":[{"children":[],"hash":"fcf5bc478ffc9afc96ba1aece33799cd3a70e92db2bfc8a80becfef0840a1bd6","kind":"source","label":"app/priv/legal/terms-2026-02-12.md","metadata":{"content_hash":"bbaf95f0746f6ad5f9c3583a4e7d5ff4e9c98b0450ba18d1622f0b7958a693f6"}},{"children":[],"hash":"c9b807a07a2191d113fc181be8f7762e62100a9f4c5011eb74a2c7446a1347d8","kind":"translation_config","label":"generation","metadata":{"custom_prompt_hash":"e3b0c44298fc1c149afbf4c8996fb92427ae41e4649b934ca495991b7852b855","format":"markdown","frontmatter_mode":"translate","language":"es","locale":"es","model":"","preservation_version":5,"preserve":[],"prompt_version":2,"provider":"","retries":2,"segmentation_version":1,"source_language":"en","validation_hash":"064760dc472b525acbc80c5ce08973a94fc7a5b06ba42cfab835324c7c048924"}},{"children":[{"children":[],"hash":"4ab8d51d1a1e225eb1ff457cd408c03891d4c8e7a6f530afdff9ee227c3766f2","kind":"context","label":"project","metadata":{"content_hash":"520dde75af81cb3e008c4d81f3258040ccc66c379791f3d845d1cc4cfbcc989e"}},{"children":[],"hash":"1424b207fea998c4fef898d526dcb29e10da43d23480340193ea637c2fd3d43d","kind":"context","label":"locale","metadata":{"content_hash":"cc29cd8eebf5d547c8f217c0af8fa84e2300279090f0f6312ed2903aedeb1b61"}},{"children":[{"children":[],"hash":"974455d19848932d6dba2d93126cd2d9150f630e9e2c79376c022972484bc0cb","kind":"context","label":"voice","metadata":{"content_hash":"acaeb7aa8dfbbcb560691f2442e02d08e406189a5f570c6886a8f85bc0805604"}},{"children":[],"hash":"70a46d36422990ac658b3e9615b5a3ec8c9ab24e53c20ac6e06aaafb9ac57183","kind":"context","label":"terminology","metadata":{"content_hash":"4f53cda18c2baa0c0354bb5f9a3ecbe5ed12ab4d8e11ba873c2f11161202b945"}}],"hash":"0dc147becb66a33768a326613edf78016d01abfba04b1cbea17f039813716a60","kind":"server_context","label":"organization","metadata":{"compiler_version":3,"selector_version":2}}],"hash":"b5a63576a054d1be118e23a18f154f665ab4c6bedc904de7e573567411a2d2d2","kind":"context_bundle","label":"context","metadata":{}}],"hash":"bcc1b8b9bd0f9e9eedef14ec8ec96c774553c4706c85767850a29e924a6b6c9b","kind":"translation_input","label":"app/priv/legal/terms-2026-02-12.md","metadata":{}}},"model":"","output_hash":"4f8e9f8f1feee9b660f9330f24aabd507784fb79326bbaf0372833681494835b","output_path":"app/priv/i18n/es/legal/terms-2026-02-12.md","provider":"","server_context":{"compiler_version":3,"selector_version":2,"terminology":{"content_hash":"4f53cda18c2baa0c0354bb5f9a3ecbe5ed12ab4d8e11ba873c2f11161202b945","glossary_version":2},"voice":{"content_hash":"acaeb7aa8dfbbcb560691f2442e02d08e406189a5f570c6886a8f85bc0805604","version":2}},"source_path":"app/priv/legal/terms-2026-02-12.md","translated_at":"2026-08-11T21:41:18.670468Z"}
