{"hash":"31ae7d886f5972f86837cbe86d8460d24590bcdb3c3ed2bc917c4481c21cb933","hash_tree":{"root":{"children":[{"children":[],"hash":"fcf5bc478ffc9afc96ba1aece33799cd3a70e92db2bfc8a80becfef0840a1bd6","kind":"source","label":"app/priv/legal/terms-2026-02-12.md","metadata":{"content_hash":"bbaf95f0746f6ad5f9c3583a4e7d5ff4e9c98b0450ba18d1622f0b7958a693f6"}},{"children":[],"hash":"d5dd234b92dad734c44b1eeeb70d4f5c60624ca1c1a3ba59d6478bcff8916ee6","kind":"translation_config","label":"generation","metadata":{"custom_prompt_hash":"e3b0c44298fc1c149afbf4c8996fb92427ae41e4649b934ca495991b7852b855","format":"markdown","frontmatter_mode":"translate","language":"ja","locale":"ja","model":"","preservation_version":5,"preserve":[],"prompt_version":2,"provider":"","retries":2,"segmentation_version":1,"source_language":"en","validation_hash":"064760dc472b525acbc80c5ce08973a94fc7a5b06ba42cfab835324c7c048924"}},{"children":[{"children":[],"hash":"4ab8d51d1a1e225eb1ff457cd408c03891d4c8e7a6f530afdff9ee227c3766f2","kind":"context","label":"project","metadata":{"content_hash":"520dde75af81cb3e008c4d81f3258040ccc66c379791f3d845d1cc4cfbcc989e"}},{"children":[],"hash":"a92a1d3a18c1e1be86e613b194613064b411b73893253185405d19abfb685e7d","kind":"context","label":"locale","metadata":{"content_hash":"e3b0c44298fc1c149afbf4c8996fb92427ae41e4649b934ca495991b7852b855"}},{"children":[{"children":[],"hash":"974455d19848932d6dba2d93126cd2d9150f630e9e2c79376c022972484bc0cb","kind":"context","label":"voice","metadata":{"content_hash":"acaeb7aa8dfbbcb560691f2442e02d08e406189a5f570c6886a8f85bc0805604"}},{"children":[],"hash":"70a46d36422990ac658b3e9615b5a3ec8c9ab24e53c20ac6e06aaafb9ac57183","kind":"context","label":"terminology","metadata":{"content_hash":"4f53cda18c2baa0c0354bb5f9a3ecbe5ed12ab4d8e11ba873c2f11161202b945"}}],"hash":"0dc147becb66a33768a326613edf78016d01abfba04b1cbea17f039813716a60","kind":"server_context","label":"organization","metadata":{"compiler_version":3,"selector_version":2}}],"hash":"99f71699d61842475aa113f59b3823cdcb144d13ebe280cd6870a57d1731d53d","kind":"context_bundle","label":"context","metadata":{}}],"hash":"31ae7d886f5972f86837cbe86d8460d24590bcdb3c3ed2bc917c4481c21cb933","kind":"translation_input","label":"app/priv/legal/terms-2026-02-12.md","metadata":{}}},"model":"","output_hash":"a52db862f2e776f4e07df1d856cae690622f9be10546a22f09731e90d3ae3a6d","output_path":"app/priv/i18n/ja/legal/terms-2026-02-12.md","provider":"","server_context":{"compiler_version":3,"selector_version":2,"terminology":{"content_hash":"4f53cda18c2baa0c0354bb5f9a3ecbe5ed12ab4d8e11ba873c2f11161202b945","glossary_version":2},"voice":{"content_hash":"acaeb7aa8dfbbcb560691f2442e02d08e406189a5f570c6886a8f85bc0805604","version":2}},"source_path":"app/priv/legal/terms-2026-02-12.md","translated_at":"2026-08-11T21:46:13.088344Z"}
