{
  "hash": "7f8b361c8c5bff591cb7ba2dd92b9d7a41adafcb43e6bf6b6f5c87638ba12c34",
  "hash_tree": {
    "root": {
      "children": [
        {
          "children": [],
          "hash": "55693c69f8d23e93a727541b7825beb3fa3ab168c584788824f55d7000cf18c0",
          "kind": "source",
          "label": "app/priv/legal/terms-2026-02-12.md",
          "metadata": {
            "content_hash": "d1b3e41f4825b147853219b74de70480cc05157a532122dc1ca6ded51fc2f26c"
          }
        },
        {
          "children": [],
          "hash": "c026d8712383029009d95e5a9b53588fc4d1d713b60dc020ea0f9880685052d1",
          "kind": "translation_config",
          "label": "generation",
          "metadata": {
            "custom_prompt_hash": "e3b0c44298fc1c149afbf4c8996fb92427ae41e4649b934ca495991b7852b855",
            "format": "markdown",
            "frontmatter_mode": "translate",
            "language": "pt-BR",
            "locale": "pt-BR",
            "model": "",
            "preserve": [],
            "prompt_version": 8,
            "provider": "",
            "retries": 3,
            "segmentation_version": 1,
            "source_language": "en",
            "validation_hash": "064760dc472b525acbc80c5ce08973a94fc7a5b06ba42cfab835324c7c048924"
          }
        },
        {
          "children": [
            {
              "children": [],
              "hash": "5e584d392a51ea04924e62e93c53a3610184048673a2f9d4f11ef89486aee5a1",
              "kind": "context",
              "label": "project",
              "metadata": {
                "content_hash": "f8e3c3cd03819b2ea9c7cd61c771a54a7c869158ab618e3ac6c195542e04491f"
              }
            },
            {
              "children": [],
              "hash": "a92a1d3a18c1e1be86e613b194613064b411b73893253185405d19abfb685e7d",
              "kind": "context",
              "label": "locale",
              "metadata": {
                "content_hash": "e3b0c44298fc1c149afbf4c8996fb92427ae41e4649b934ca495991b7852b855"
              }
            },
            {
              "children": [
                {
                  "children": [],
                  "hash": "1ce1060bb675f8cc75ef107e56162abcff4ca3e6f9f3adcd41022326a1dff73e",
                  "kind": "context",
                  "label": "voice",
                  "metadata": {
                    "content_hash": "12ae32cb1ec02d01eda3581b127c1fee3b0dc53572ed6baf239721a03d82e126"
                  }
                },
                {
                  "children": [],
                  "hash": "70a46d36422990ac658b3e9615b5a3ec8c9ab24e53c20ac6e06aaafb9ac57183",
                  "kind": "context",
                  "label": "terminology",
                  "metadata": {
                    "content_hash": "4f53cda18c2baa0c0354bb5f9a3ecbe5ed12ab4d8e11ba873c2f11161202b945"
                  }
                }
              ],
              "hash": "dcebe04e5b7d13287ceb7e484de7b00a697c7ae291f406ec32563e84ccfe7c11",
              "kind": "server_context",
              "label": "organization",
              "metadata": {
                "compiler_version": 3,
                "selector_version": 2
              }
            }
          ],
          "hash": "a3e700043e63e82f15bd59d19e17464f6de184edcd1c687fe67944e7b03e3d45",
          "kind": "context_bundle",
          "label": "context",
          "metadata": {}
        }
      ],
      "hash": "7f8b361c8c5bff591cb7ba2dd92b9d7a41adafcb43e6bf6b6f5c87638ba12c34",
      "kind": "translation_input",
      "label": "app/priv/legal/terms-2026-02-12.md",
      "metadata": {}
    }
  },
  "model": "",
  "output_hash": "aecf95573e76b318e420a61b17a7d8bc2119d27b359baeb94761a56c35fdca6a",
  "output_path": "app/priv/i18n/pt-BR/legal/terms-2026-02-12.md",
  "provider": "",
  "server_context": {
    "compiler_version": 3,
    "selector_version": 2,
    "terminology": {
      "content_hash": "4f53cda18c2baa0c0354bb5f9a3ecbe5ed12ab4d8e11ba873c2f11161202b945",
      "glossary_version": null
    },
    "voice": {
      "content_hash": "12ae32cb1ec02d01eda3581b127c1fee3b0dc53572ed6baf239721a03d82e126",
      "version": null
    }
  },
  "source_path": "app/priv/legal/terms-2026-02-12.md",
  "translated_at": "2026-09-09T14:47:08.431376Z"
}
