{"hash":"d10bc97648afbd75a194736d72f3e21fbda2e02a6c08ec252dff28f9ad3ac7a2","hash_tree":{"root":{"children":[{"children":[],"hash":"a9c0565fb6e9863efa44fb83e8838498a84ec6bc9083196c43cc328cf52b1dee","kind":"source","label":"app/priv/legal/privacy-2026-02-12.md","metadata":{"content_hash":"c5484f7e5b1d09de9677c17b979e271a9fab002f883d8372f5fdbdaa7e9928c7"}},{"children":[],"hash":"c9b807a07a2191d113fc181be8f7762e62100a9f4c5011eb74a2c7446a1347d8","kind":"translation_config","label":"generation","metadata":{"custom_prompt_hash":"e3b0c44298fc1c149afbf4c8996fb92427ae41e4649b934ca495991b7852b855","format":"markdown","frontmatter_mode":"translate","language":"es","locale":"es","model":"","preservation_version":5,"preserve":[],"prompt_version":2,"provider":"","retries":2,"segmentation_version":1,"source_language":"en","validation_hash":"064760dc472b525acbc80c5ce08973a94fc7a5b06ba42cfab835324c7c048924"}},{"children":[{"children":[],"hash":"4ab8d51d1a1e225eb1ff457cd408c03891d4c8e7a6f530afdff9ee227c3766f2","kind":"context","label":"project","metadata":{"content_hash":"520dde75af81cb3e008c4d81f3258040ccc66c379791f3d845d1cc4cfbcc989e"}},{"children":[],"hash":"1424b207fea998c4fef898d526dcb29e10da43d23480340193ea637c2fd3d43d","kind":"context","label":"locale","metadata":{"content_hash":"cc29cd8eebf5d547c8f217c0af8fa84e2300279090f0f6312ed2903aedeb1b61"}},{"children":[{"children":[],"hash":"974455d19848932d6dba2d93126cd2d9150f630e9e2c79376c022972484bc0cb","kind":"context","label":"voice","metadata":{"content_hash":"acaeb7aa8dfbbcb560691f2442e02d08e406189a5f570c6886a8f85bc0805604"}},{"children":[],"hash":"70a46d36422990ac658b3e9615b5a3ec8c9ab24e53c20ac6e06aaafb9ac57183","kind":"context","label":"terminology","metadata":{"content_hash":"4f53cda18c2baa0c0354bb5f9a3ecbe5ed12ab4d8e11ba873c2f11161202b945"}}],"hash":"0dc147becb66a33768a326613edf78016d01abfba04b1cbea17f039813716a60","kind":"server_context","label":"organization","metadata":{"compiler_version":3,"selector_version":2}}],"hash":"b5a63576a054d1be118e23a18f154f665ab4c6bedc904de7e573567411a2d2d2","kind":"context_bundle","label":"context","metadata":{}}],"hash":"d10bc97648afbd75a194736d72f3e21fbda2e02a6c08ec252dff28f9ad3ac7a2","kind":"translation_input","label":"app/priv/legal/privacy-2026-02-12.md","metadata":{}}},"model":"","output_hash":"aaf1dc9316dc8f74bf7e476dc5c0f6c5c41b21da1f2931f07f1a317490c88681","output_path":"app/priv/i18n/es/legal/privacy-2026-02-12.md","provider":"","server_context":{"compiler_version":3,"selector_version":2,"terminology":{"content_hash":"4f53cda18c2baa0c0354bb5f9a3ecbe5ed12ab4d8e11ba873c2f11161202b945","glossary_version":2},"voice":{"content_hash":"acaeb7aa8dfbbcb560691f2442e02d08e406189a5f570c6886a8f85bc0805604","version":2}},"source_path":"app/priv/legal/privacy-2026-02-12.md","translated_at":"2026-08-11T21:41:03.731392Z"}
