{"hash":"82dfedf7d070e1820f36782b9e552810c9dfb00cacc9cad27bf198b7f1a84550","hash_tree":{"root":{"children":[{"children":[],"hash":"61cd5cb87043d1adfbce1de35b607ebe0a0d2a99bc1be9e6de452aab8546c59e","kind":"source","label":"app/priv/features/rest-api.md","metadata":{"content_hash":"a267e371b8cd15143de88d674eece12dc1c92763295e671e36b7e33d11cf515e"}},{"children":[],"hash":"c9b807a07a2191d113fc181be8f7762e62100a9f4c5011eb74a2c7446a1347d8","kind":"translation_config","label":"generation","metadata":{"custom_prompt_hash":"e3b0c44298fc1c149afbf4c8996fb92427ae41e4649b934ca495991b7852b855","format":"markdown","frontmatter_mode":"translate","language":"es","locale":"es","model":"","preservation_version":5,"preserve":[],"prompt_version":2,"provider":"","retries":2,"segmentation_version":1,"source_language":"en","validation_hash":"064760dc472b525acbc80c5ce08973a94fc7a5b06ba42cfab835324c7c048924"}},{"children":[{"children":[],"hash":"4ab8d51d1a1e225eb1ff457cd408c03891d4c8e7a6f530afdff9ee227c3766f2","kind":"context","label":"project","metadata":{"content_hash":"520dde75af81cb3e008c4d81f3258040ccc66c379791f3d845d1cc4cfbcc989e"}},{"children":[],"hash":"1424b207fea998c4fef898d526dcb29e10da43d23480340193ea637c2fd3d43d","kind":"context","label":"locale","metadata":{"content_hash":"cc29cd8eebf5d547c8f217c0af8fa84e2300279090f0f6312ed2903aedeb1b61"}},{"children":[{"children":[],"hash":"974455d19848932d6dba2d93126cd2d9150f630e9e2c79376c022972484bc0cb","kind":"context","label":"voice","metadata":{"content_hash":"acaeb7aa8dfbbcb560691f2442e02d08e406189a5f570c6886a8f85bc0805604"}},{"children":[],"hash":"f5c13fb05b76983a5db4c7ad0a764d5a3f45df9d8fd887103d9e370234fa43f1","kind":"context","label":"terminology","metadata":{"content_hash":"e3bb63a4c437ffa0edf81d3bfaafe4f50f9a6ad9e17cea027f2ce2f7bdcc26c0"}}],"hash":"28b15d2e8db769b42a225e7af5698ffc8a2c98f2b220bd9482b1aac361a00991","kind":"server_context","label":"organization","metadata":{"compiler_version":3,"selector_version":2}}],"hash":"3a75d907fd09b39f001602152f413bb2b62c04f4286d7777c2f9ff14a186f31b","kind":"context_bundle","label":"context","metadata":{}}],"hash":"82dfedf7d070e1820f36782b9e552810c9dfb00cacc9cad27bf198b7f1a84550","kind":"translation_input","label":"app/priv/features/rest-api.md","metadata":{}}},"model":"","output_hash":"1209d8affc392fe52fad993a6853263527e2067cff29435a463728dc2eb29cdc","output_path":"app/priv/i18n/es/features/rest-api.md","provider":"","server_context":{"compiler_version":3,"selector_version":2,"terminology":{"content_hash":"e3bb63a4c437ffa0edf81d3bfaafe4f50f9a6ad9e17cea027f2ce2f7bdcc26c0","glossary_version":2},"voice":{"content_hash":"acaeb7aa8dfbbcb560691f2442e02d08e406189a5f570c6886a8f85bc0805604","version":2}},"source_path":"app/priv/features/rest-api.md","translated_at":"2026-08-11T19:11:49.417571Z"}
